PODS:
  - AFNetworking (2.5.3):
    - AFNetworking/NSURLConnection (= 2.5.3)
    - AFNetworking/NSURLSession (= 2.5.3)
    - AFNetworking/Reachability (= 2.5.3)
    - AFNetworking/Security (= 2.5.3)
    - AFNetworking/Serialization (= 2.5.3)
    - AFNetworking/UIKit (= 2.5.3)
  - AFNetworking/NSURLConnection (2.5.3):
    - AFNetworking/Reachability
    - AFNetworking/Security
    - AFNetworking/Serialization
  - AFNetworking/NSURLSession (2.5.3):
    - AFNetworking/Reachability
    - AFNetworking/Security
    - AFNetworking/Serialization
  - AFNetworking/Reachability (2.5.3)
  - AFNetworking/Security (2.5.3)
  - AFNetworking/Serialization (2.5.3)
  - AFNetworking/UIKit (2.5.3):
    - AFNetworking/NSURLConnection
    - AFNetworking/NSURLSession
  - Bypass (1.0.1)
  - CGLMail (0.1.1)
  - ContentfulDeliveryAPI (1.4.9):
    - AFNetworking
    - ISO8601DateFormatter
  - ContentfulDialogs (0.3.0):
    - Bypass
    - CGLMail
    - ContentfulDeliveryAPI (>= 1.4.7)
    - DDPageControl
    - TSMiniWebBrowser@dblock
  - ContentfulPersistence (0.2.0):
    - ContentfulDeliveryAPI (~> 1.4.7)
  - ContentfulStyle (HEAD based on 0.2.0):
    - EDColor
    - LatoFont
  - DDPageControl (0.1)
  - EDColor (0.4.0)
  - FBSnapshotTestCase (1.5)
  - ISO8601DateFormatter (0.7)
  - Keys (1.0.0)
  - LatoFont (1.0.0)
  - TSMiniWebBrowser@dblock (1.1)

DEPENDENCIES:
  - Bypass
  - ContentfulDeliveryAPI (~> 1.4.9)
  - ContentfulDialogs
  - ContentfulPersistence
  - ContentfulStyle (HEAD)
  - FBSnapshotTestCase
  - Keys (from `Pods/CocoaPodsKeys`)

EXTERNAL SOURCES:
  Keys:
    :path: Pods/CocoaPodsKeys

SPEC CHECKSUMS:
  AFNetworking: e1d86c2a96bb5d2e7408da36149806706ee122fe
  Bypass: 72a80e30ea645fb190eaecdc7d67a1904b76b7dc
  CGLMail: 91fbbf8a1c0283bb804798dce471f840b0f58488
  ContentfulDeliveryAPI: 4fb28d516a3d25cf8b00b04e9ebd00f27b1e11e6
  ContentfulDialogs: 66cd16becce26939cf9db091d48a377df1f2246a
  ContentfulPersistence: 8645e5a5def356475246d9fc7f1bb9e74a1fe7a1
  ContentfulStyle: 0f41944b1efd8bba2a8f0c1ac0cf3910b1105949
  DDPageControl: 60c7d350477922b1e67fcf927f7e50eddc7dd207
  EDColor: 89d19a013279a5604d61650721c15f20fefaaf00
  FBSnapshotTestCase: 26f32d8fa9eb30e9f09712ecfb097808bc79b898
  ISO8601DateFormatter: ab926648eebe497f4d167c0fd083992f959f1274
  Keys: 7d2ff6ff42f6903358267ce56e9392f83c31acfe
  LatoFont: bcfb0239c339af9aacf4b3061d5268e53e080732
  TSMiniWebBrowser@dblock: 6eb565b44cc2e5cd5eee7660ee5c21f8afae415c

COCOAPODS: 0.39.0
